
Microsoft Visual Studio Solution File, Format Version 12.00
# Visual Studio 15
VisualStudioVersion = 15.0.28010.2036
MinimumVisualStudioVersion = 10.0.40219.1
Project("{FAE04EC0-301F-11D3-BF4B-00C04F79EFBC}") = "2210-002-CowellDakota-DataStructuresProject2", "2210-002-CowellDakota-DataStructuresProject2\2210-002-CowellDakota-DataStructuresProject2.csproj", "{F01E936E-CB20-416B-B0EC-0848854D73C9}"
EndProject
Global
	GlobalSection(SolutionConfigurationPlatforms) = preSolution
		Debug|Any CPU = Debug|Any CPU
		Release|Any CPU = Release|Any CPU
	EndGlobalSection
	GlobalSection(ProjectConfigurationPlatforms) = postSolution
		{F01E936E-CB20-416B-B0EC-0848854D73C9}.Debug|Any CPU.ActiveCfg = Debug|Any CPU
		{F01E936E-CB20-416B-B0EC-0848854D73C9}.Debug|Any CPU.Build.0 = Debug|Any CPU
		{F01E936E-CB20-416B-B0EC-0848854D73C9}.Release|Any CPU.ActiveCfg = Release|Any CPU
		{F01E936E-CB20-416B-B0EC-0848854D73C9}.Release|Any CPU.Build.0 = Release|Any CPU
	EndGlobalSection
	GlobalSection(SolutionProperties) = preSolution
		HideSolutionNode = FALSE
	EndGlobalSection
	GlobalSection(ExtensibilityGlobals) = postSolution
		SolutionGuid = {8BC5A830-B0E0-4009-BA08-9C4FBAA37988}
	EndGlobalSection
EndGlobal
